
Microsoft Visual Studio Solution File, Format Version 12.00
# Visual Studio Version 16
VisualStudioVersion = 16.0.30804.86
MinimumVisualStudioVersion = 10.0.40219.1
Project("{FAE04EC0-301F-11D3-BF4B-00C04F79EFBC}") = "archeageBot", "archeageBot\archeageBot.csproj", "{CDA19BE2-DB9F-47BE-BA7F-E007130F8AEE}"
EndProject
Global
	GlobalSection(SolutionConfigurationPlatforms) = preSolution
		Debug|Any CPU = Debug|Any CPU
		Release|Any CPU = Release|Any CPU
	EndGlobalSection
	GlobalSection(ProjectConfigurationPlatforms) = postSolution
		{CDA19BE2-DB9F-47BE-BA7F-E007130F8AEE}.Debug|Any CPU.ActiveCfg = Debug|Any CPU
		{CDA19BE2-DB9F-47BE-BA7F-E007130F8AEE}.Debug|Any CPU.Build.0 = Debug|Any CPU
		{CDA19BE2-DB9F-47BE-BA7F-E007130F8AEE}.Release|Any CPU.ActiveCfg = Release|Any CPU
		{CDA19BE2-DB9F-47BE-BA7F-E007130F8AEE}.Release|Any CPU.Build.0 = Release|Any CPU
	EndGlobalSection
	GlobalSection(SolutionProperties) = preSolution
		HideSolutionNode = FALSE
	EndGlobalSection
	GlobalSection(ExtensibilityGlobals) = postSolution
		SolutionGuid = {29650739-4E14-4FE9-86D8-3AC405A2C7F0}
	EndGlobalSection
EndGlobal
